
Microsoft Visual Studio Solution File, Format Version 12.00
# Visual Studio Version 17
VisualStudioVersion = 17.9.34728.123
MinimumVisualStudioVersion = 10.0.40219.1
Project("{FAE04EC0-301F-11D3-BF4B-00C04F79EFBC}") = "PruebadeParalelo", "PruebadeParalelo\PruebadeParalelo.csproj", "{5E2FCD0F-679A-45FD-99A3-31BFA42A8243}"
EndProject
Global
	GlobalSection(SolutionConfigurationPlatforms) = preSolution
		Debug|Any CPU = Debug|Any CPU
		Release|Any CPU = Release|Any CPU
	EndGlobalSection
	GlobalSection(ProjectConfigurationPlatforms) = postSolution
		{5E2FCD0F-679A-45FD-99A3-31BFA42A8243}.Debug|Any CPU.ActiveCfg = Debug|Any CPU
		{5E2FCD0F-679A-45FD-99A3-31BFA42A8243}.Debug|Any CPU.Build.0 = Debug|Any CPU
		{5E2FCD0F-679A-45FD-99A3-31BFA42A8243}.Release|Any CPU.ActiveCfg = Release|Any CPU
		{5E2FCD0F-679A-45FD-99A3-31BFA42A8243}.Release|Any CPU.Build.0 = Release|Any CPU
	EndGlobalSection
	GlobalSection(SolutionProperties) = preSolution
		HideSolutionNode = FALSE
	EndGlobalSection
	GlobalSection(ExtensibilityGlobals) = postSolution
		SolutionGuid = {AB329446-2C11-4D9B-9C78-E0F8E1508979}
	EndGlobalSection
EndGlobal
